[metadata]
lock_version = 3
declaration_hash_version = 1
declaration_hash = "sha256:35804fd44e602b9a2c31e8b14b889873f19b894234d6d2f0f13857fa8b3e0a52"
generated_by = "ocx 0.5.3"
generated_at = "2026-08-31T01:33:25Z"

[[tool]]
name = "cli"
group = "default"
repository = "ocx.sh/ocx/cli"

[tool.platforms]
"darwin/amd64" = "sha256:c1c65ce978812d30e23a096b17ef9c849fe4d03f0bd41cbd07e964560acabdd4"
"darwin/arm64" = "sha256:6f297b7787284a87068926a9c14c53ade356446fcf439d89367400b5fb092f4f"
"linux/amd64" = "sha256:e9113c87037ed72c9c1f989ff1ec938bf71e3aef11144a76a350105f2b56c166"
"linux/arm64" = "sha256:d33f56f29114c7076bce125fe004470dd44b5ed81610289790c4791ee6b70746"
"windows/amd64" = "sha256:2f36494b94bed58bf19fe060fa5fcf5f39d4cd28571e596ee709144daa30cf4e"
"windows/arm64" = "sha256:b68bc5262793d6d9e33b4953c909cac42abab8938d42e23997f9d20300f9f06c"

[[tool]]
name = "mirror"
group = "default"
repository = "ocx.sh/ocx/mirror"

[tool.platforms]
"darwin/amd64" = "sha256:2f21185f707c94b49c59bde4fab04e36c4e073e819ad4622b70a8c47b4d4537a"
"darwin/arm64" = "sha256:7b52afb816b2307ce1fe326c5b1cfbac9205164c7ba04460995b75296a663d4e"
"linux/amd64" = "sha256:33500e378013cc0b4f06c2896ce01bed5c2a5d40c79036f2ac95f47caedede34"
"linux/arm64" = "sha256:f1a0486651658978741aeeeca571d312f603027d0ed49a9f740cfa7fdeb52458"
"windows/amd64" = "sha256:b4f49f419552329d6cb2f8a07d82e0e42311ebe853da0279d3d1aecf2c28e7e1"
"windows/arm64" = "sha256:babe8db731396f02de58cc5b4a5d661799bbf85b61f45578155936aaabb157a9"

[[tool]]
name = "uv"
group = "default"
repository = "ocx.sh/astral-sh/uv"

[tool.platforms]
"darwin/amd64" = "sha256:c66b0df03c8f1a33e811ddab8443007f808f38260988793feb32e8b35428c898"
"darwin/arm64" = "sha256:9148b9d49956c3d0abff8bcef19521cfda506cca7a34463acc274a7110a36c63"
"linux/amd64" = "sha256:b6ad3246b8d4709c5deac30b4d2a1674fc62f8686e52f7fde5cd63a79c7010b5"
"linux/amd64+libc.glibc" = "sha256:d60af7fdd663861ef778ae4d1ba933e6c999977163a655f8517adf2b5931480b"
"linux/arm64" = "sha256:b52ceb7ae1396d4ffe6314ff77d9489821fb9a89ba6dcbb3652867005594fd90"
"linux/arm64+libc.glibc" = "sha256:6032218a742e03a5d2b91690e716bf44d2fa369259cc0564ae27bb166a1347d9"
"windows/amd64" = "sha256:75ee3facb7f4a5ed382d6cc0736ec622190b3f8891abf1432a7d7fd6d4361eaf"
"windows/arm64" = "sha256:b143f13fb9bdb58eaeaaa71ca2c6d3ed4b6190b6aebd0100a914606c2378cb16"
