[metadata]
lock_version = 3
declaration_hash_version = 1
declaration_hash = "sha256:5137033273a6dc1ac98312476bcdcd1d9c9e7583b63e9f5afc8ff2a90b46acb1"
generated_by = "ocx 0.5.2"
generated_at = "2026-08-03T18:29:54Z"

[[tool]]
name = "cli"
group = "default"
repository = "ocx.sh/ocx/cli"

[tool.platforms]
"darwin/amd64" = "sha256:7dada458867fa5132fb56d2cf362948302ab8e03ece60d3a44318d193467772c"
"darwin/arm64" = "sha256:56ad09ac688fc89a3a37cd5f51eb260b6328b45d97f0abbf11f41498347dca24"
"linux/amd64" = "sha256:39b83442dfe87888df79a60fb21f6d27f319a754e08add7c358cd2c3075d14c9"
"linux/arm64" = "sha256:4445bfac1c7e4dbe9418ba3e82764c8025753ef19e0655dfb6aa8e7e69e991de"
"windows/amd64" = "sha256:44c8149382692687286c438072c6fce991725f8f18546ab2f42a3a4080365039"
"windows/arm64" = "sha256:2bb91f28032ee6edea8aefbdd7bc674350ef9d2e54887d526e8dd7f2f5ea89a5"

[[tool]]
name = "mirror"
group = "default"
repository = "ocx.sh/ocx/mirror"

[tool.platforms]
"darwin/amd64" = "sha256:d5c6456449241278d49a2393e7b563a2c90bab3b7c83dc0f2676520c28d2782f"
"darwin/arm64" = "sha256:9b55ebda84aadc4966df7bf0c002ce3d58111f28dafbea5160ed1b5358ddedfe"
"linux/amd64" = "sha256:9890ff98a9910f4f3374f3e543fa1d7e18e9803e30251d46535f2bced4ef7a22"
"linux/arm64" = "sha256:d01fc82416a4b4f78885bbd681bbfa9ccf86b88a87d585026ff0161262e9c7ab"
"windows/amd64" = "sha256:214a9467ac289670edb0f1de3c3f8f7abe6d3ba7cbdc4ef44a99522809b2c2b7"
"windows/arm64" = "sha256:6ddbe3532b12fbcccff04d0f7e14660e8c14ad12fb70f94e0b3cd75a9af1df69"

[[tool]]
name = "uv"
group = "default"
repository = "ocx.sh/astral-sh/uv"

[tool.platforms]
"darwin/amd64" = "sha256:f8d6924580df651815e744edce607148c2028eb160eee76caf08cdee7c2a1ec7"
"darwin/arm64" = "sha256:69001b4a5572b632f592b53ad88f6059c263f56e0b0dc509e1755140d905971b"
"linux/amd64" = "sha256:56cef303cbf5a5566f32c16b75ca803584990aebc450c3e0f0f2b392203ed5d5"
"linux/amd64+libc.glibc" = "sha256:e46a02f3b8d32ec6b64f850281113a7c57749a50f14a265d09474ed6e8888af9"
"linux/arm64" = "sha256:a3e5317c9bb4b66d431575e3886953c8908352a06d6d6a14145dbad608005658"
"linux/arm64+libc.glibc" = "sha256:954c895182295ed2025af9df1b4da9aa8c52c41b24196e007c7977cd1720cad6"
"windows/amd64" = "sha256:eb6ee5b0b16bc407623ea7c77b716135e95a20d31111adc613eb38d292e8039c"
"windows/arm64" = "sha256:9fe0996e2b206beb2be47edf939449add2e928fc6bfbf5effefffccf2d214d5c"
